
Microsoft Visual Studio Solution File, Format Version 12.00
# Visual Studio Version 17
VisualStudioVersion = 17.9.34728.123
MinimumVisualStudioVersion = 10.0.40219.1
Project("{FAE04EC0-301F-11D3-BF4B-00C04F79EFBC}") = "TPrLB3", "TPrLB3\TPrLB3.csproj", "{6908E44A-E485-4553-AE7C-2902ABD1F252}"
EndProject
Global
	GlobalSection(SolutionConfigurationPlatforms) = preSolution
		Debug|Any CPU = Debug|Any CPU
		Release|Any CPU = Release|Any CPU
	EndGlobalSection
	GlobalSection(ProjectConfigurationPlatforms) = postSolution
		{6908E44A-E485-4553-AE7C-2902ABD1F252}.Debug|Any CPU.ActiveCfg = Debug|Any CPU
		{6908E44A-E485-4553-AE7C-2902ABD1F252}.Debug|Any CPU.Build.0 = Debug|Any CPU
		{6908E44A-E485-4553-AE7C-2902ABD1F252}.Release|Any CPU.ActiveCfg = Release|Any CPU
		{6908E44A-E485-4553-AE7C-2902ABD1F252}.Release|Any CPU.Build.0 = Release|Any CPU
	EndGlobalSection
	GlobalSection(SolutionProperties) = preSolution
		HideSolutionNode = FALSE
	EndGlobalSection
	GlobalSection(ExtensibilityGlobals) = postSolution
		SolutionGuid = {67FE1C22-74F3-49B1-9698-12BE65A8DFCB}
	EndGlobalSection
EndGlobal
